
Microsoft Visual Studio Solution File, Format Version 12.00
# Visual Studio Version 17
VisualStudioVersion = 17.14.36429.23 d17.14
MinimumVisualStudioVersion = 10.0.40219.1
Project("{FAE04EC0-301F-11D3-BF4B-00C04F79EFBC}") = "SalaryContratcManager1", "SalaryContratcManager1\SalaryContratcManager1.csproj", "{F3FA0C66-7537-4159-8611-93EE11187359}"
EndProject
Global
	GlobalSection(SolutionConfigurationPlatforms) = preSolution
		Debug|Any CPU = Debug|Any CPU
		Release|Any CPU = Release|Any CPU
	EndGlobalSection
	GlobalSection(ProjectConfigurationPlatforms) = postSolution
		{F3FA0C66-7537-4159-8611-93EE11187359}.Debug|Any CPU.ActiveCfg = Debug|Any CPU
		{F3FA0C66-7537-4159-8611-93EE11187359}.Debug|Any CPU.Build.0 = Debug|Any CPU
		{F3FA0C66-7537-4159-8611-93EE11187359}.Release|Any CPU.ActiveCfg = Release|Any CPU
		{F3FA0C66-7537-4159-8611-93EE11187359}.Release|Any CPU.Build.0 = Release|Any CPU
	EndGlobalSection
	GlobalSection(SolutionProperties) = preSolution
		HideSolutionNode = FALSE
	EndGlobalSection
	GlobalSection(ExtensibilityGlobals) = postSolution
		SolutionGuid = {70EE0007-0A00-4985-AD4E-DEDC7DA68192}
	EndGlobalSection
EndGlobal
